
Microsoft Visual Studio Solution File, Format Version 12.00
# Visual Studio Version 16
VisualStudioVersion = 16.0.31605.320
MinimumVisualStudioVersion = 10.0.40219.1
Project("{FAE04EC0-301F-11D3-BF4B-00C04F79EFBC}") = "Problema1_Act1", "Problema1_Act1\Problema1_Act1.csproj", "{B947FE4C-4704-45B7-BC9C-9F4F0CE54F87}"
EndProject
Global
	GlobalSection(SolutionConfigurationPlatforms) = preSolution
		Debug|Any CPU = Debug|Any CPU
		Release|Any CPU = Release|Any CPU
	EndGlobalSection
	GlobalSection(ProjectConfigurationPlatforms) = postSolution
		{B947FE4C-4704-45B7-BC9C-9F4F0CE54F87}.Debug|Any CPU.ActiveCfg = Debug|Any CPU
		{B947FE4C-4704-45B7-BC9C-9F4F0CE54F87}.Debug|Any CPU.Build.0 = Debug|Any CPU
		{B947FE4C-4704-45B7-BC9C-9F4F0CE54F87}.Release|Any CPU.ActiveCfg = Release|Any CPU
		{B947FE4C-4704-45B7-BC9C-9F4F0CE54F87}.Release|Any CPU.Build.0 = Release|Any CPU
	EndGlobalSection
	GlobalSection(SolutionProperties) = preSolution
		HideSolutionNode = FALSE
	EndGlobalSection
	GlobalSection(ExtensibilityGlobals) = postSolution
		SolutionGuid = {99A0513B-E851-4097-8F13-F3B30F037248}
	EndGlobalSection
EndGlobal
