
Microsoft Visual Studio Solution File, Format Version 12.00
# Visual Studio Version 16
VisualStudioVersion = 16.0.31605.320
MinimumVisualStudioVersion = 10.0.40219.1
Project("{FAE04EC0-301F-11D3-BF4B-00C04F79EFBC}") = "Endswith", "Endswith\Endswith.csproj", "{238C2ED4-0C02-4781-B2DD-65F875F435AB}"
EndProject
Global
	GlobalSection(SolutionConfigurationPlatforms) = preSolution
		Debug|Any CPU = Debug|Any CPU
		Release|Any CPU = Release|Any CPU
	EndGlobalSection
	GlobalSection(ProjectConfigurationPlatforms) = postSolution
		{238C2ED4-0C02-4781-B2DD-65F875F435AB}.Debug|Any CPU.ActiveCfg = Debug|Any CPU
		{238C2ED4-0C02-4781-B2DD-65F875F435AB}.Debug|Any CPU.Build.0 = Debug|Any CPU
		{238C2ED4-0C02-4781-B2DD-65F875F435AB}.Release|Any CPU.ActiveCfg = Release|Any CPU
		{238C2ED4-0C02-4781-B2DD-65F875F435AB}.Release|Any CPU.Build.0 = Release|Any CPU
	EndGlobalSection
	GlobalSection(SolutionProperties) = preSolution
		HideSolutionNode = FALSE
	EndGlobalSection
	GlobalSection(ExtensibilityGlobals) = postSolution
		SolutionGuid = {3B05AAAA-0B87-4FCD-94F2-268A763A7325}
	EndGlobalSection
EndGlobal
